// !$*UTF8*$!
{
	archiveVersion = 1;
	classes = {
	};
	objectVersion = 55;
	objects = {

/* Begin PBXBuildFile section */
		98640FFA28ECB02400D81967 /* RecipeModel.swift in Sources */ = {isa = PBXBuildFile; fileRef = 98640FF928ECB02400D81967 /* RecipeModel.swift */; };
		9864100028ECB26D00D81967 /* RecipeDetailView.swift in Sources */ = {isa = PBXBuildFile; fileRef = 98640FFF28ECB26D00D81967 /* RecipeDetailView.swift */; };
		9864100228ECB27A00D81967 /* RecipeTabView.swift in Sources */ = {isa = PBXBuildFile; fileRef = 9864100128ECB27A00D81967 /* RecipeTabView.swift */; };
		98E4C4E528ECABE10071C415 /* ReciepeAppApp.swift in Sources */ = {isa = PBXBuildFile; fileRef = 98E4C4E428ECABE10071C415 /* ReciepeAppApp.swift */; };
		98E4C4E728ECABE10071C415 /* RecipeListView.swift in Sources */ = {isa = PBXBuildFile; fileRef = 98E4C4E628ECABE10071C415 /* RecipeListView.swift */; };
		98E4C4E928ECABE30071C415 /* Assets.xcassets in Resources */ = {isa = PBXBuildFile; fileRef = 98E4C4E828ECABE30071C415 /* Assets.xcassets */; };
		98E4C4EC28ECABE30071C415 /* Preview Assets.xcassets in Resources */ = {isa = PBXBuildFile; fileRef = 98E4C4EB28ECABE30071C415 /* Preview Assets.xcassets */; };
		98E4C4F828ECAC8F0071C415 /* recipes.json in Resources */ = {isa = PBXBuildFile; fileRef = 98E4C4F728ECAC8F0071C415 /* recipes.json */; };
		98E4C4FA28ECACBA0071C415 /* Recipe.swift in Sources */ = {isa = PBXBuildFile; fileRef = 98E4C4F928ECACBA0071C415 /* Recipe.swift */; };
		98E4C4FC28ECAD5F0071C415 /* DataService.swift in Sources */ = {isa = PBXBuildFile; fileRef = 98E4C4FB28ECAD5F0071C415 /* DataService.swift */; };
/* End PBXBuildFile section */

/* Begin PBXFileReference section */
		98640FF928ECB02400D81967 /* RecipeModel.swift */ = {isa = PBXFileReference; lastKnownFileType = sourcecode.swift; path = RecipeModel.swift; sourceTree = "<group>"; };
		98640FFF28ECB26D00D81967 /* RecipeDetailView.swift */ = {isa = PBXFileReference; lastKnownFileType = sourcecode.swift; path = RecipeDetailView.swift; sourceTree = "<group>"; };
		9864100128ECB27A00D81967 /* RecipeTabView.swift */ = {isa = PBXFileReference; lastKnownFileType = sourcecode.swift; path = RecipeTabView.swift; sourceTree = "<group>"; };
		98E4C4E128ECABE10071C415 /* ReciepeApp.app */ = {isa = PBXFileReference; explicitFileType = wrapper.application; includeInIndex = 0; path = ReciepeApp.app; sourceTree = BUILT_PRODUCTS_DIR; };
		98E4C4E428ECABE10071C415 /* ReciepeAppApp.swift */ = {isa = PBXFileReference; lastKnownFileType = sourcecode.swift; path = ReciepeAppApp.swift; sourceTree = "<group>"; };
		98E4C4E628ECABE10071C415 /* RecipeListView.swift */ = {isa = PBXFileReference; lastKnownFileType = sourcecode.swift; path = RecipeListView.swift; sourceTree = "<group>"; };
		98E4C4E828ECABE30071C415 /* Assets.xcassets */ = {isa = PBXFileReference; lastKnownFileType = folder.assetcatalog; path = Assets.xcassets; sourceTree = "<group>"; };
		98E4C4EB28ECABE30071C415 /* Preview Assets.xcassets */ = {isa = PBXFileReference; lastKnownFileType = folder.assetcatalog; path = "Preview Assets.xcassets"; sourceTree = "<group>"; };
		98E4C4F728ECAC8F0071C415 /* recipes.json */ = {isa = PBXFileReference; fileEncoding = 4; lastKnownFileType = text.json; name = recipes.json; path = "../../../../../Downloads/iOS Foundations 2021/Module 4/Lesson 03/Recipe List App/Recipe List App/Data/recipes.json"; sourceTree = "<group>"; };
		98E4C4F928ECACBA0071C415 /* Recipe.swift */ = {isa = PBXFileReference; lastKnownFileType = sourcecode.swift; path = Recipe.swift; sourceTree = "<group>"; };
		98E4C4FB28ECAD5F0071C415 /* DataService.swift */ = {isa = PBXFileReference; lastKnownFileType = sourcecode.swift; path = DataService.swift; sourceTree = "<group>"; };
/* End PBXFileReference section */

/* Begin PBXFrameworksBuildPhase section */
		98E4C4DE28ECABE10071C415 /* Frameworks */ = {
			isa = PBXFrameworksBuildPhase;
			buildActionMask = 2147483647;
			files = (
			);
			runOnlyForDeploymentPostprocessing = 0;
		};
/* End PBXFrameworksBuildPhase section */

/* Begin PBXGroup section */
		98E4C4D828ECABE10071C415 = {
			isa = PBXGroup;
			children = (
				98E4C4E328ECABE10071C415 /* ReciepeApp */,
				98E4C4E228ECABE10071C415 /* Products */,
			);
			sourceTree = "<group>";
		};
		98E4C4E228ECABE10071C415 /* Products */ = {
			isa = PBXGroup;
			children = (
				98E4C4E128ECABE10071C415 /* ReciepeApp.app */,
			);
			name = Products;
			sourceTree = "<group>";
		};
		98E4C4E328ECABE10071C415 /* ReciepeApp */ = {
			isa = PBXGroup;
			children = (
				98E4C4F628ECAC5D0071C415 /* Views */,
				98E4C4F528ECAC510071C415 /* ViewModels */,
				98E4C4F428ECAC430071C415 /* Services */,
				98E4C4F328ECAC390071C415 /* Models */,
				98E4C4F228ECAC330071C415 /* Data */,
				98E4C4E428ECABE10071C415 /* ReciepeAppApp.swift */,
				98E4C4E828ECABE30071C415 /* Assets.xcassets */,
				98E4C4EA28ECABE30071C415 /* Preview Content */,
			);
			path = ReciepeApp;
			sourceTree = "<group>";
		};
		98E4C4EA28ECABE30071C415 /* Preview Content */ = {
			isa = PBXGroup;
			children = (
				98E4C4EB28ECABE30071C415 /* Preview Assets.xcassets */,
			);
			path = "Preview Content";
			sourceTree = "<group>";
		};
		98E4C4F228ECAC330071C415 /* Data */ = {
			isa = PBXGroup;
			children = (
				98E4C4F728ECAC8F0071C415 /* recipes.json */,
			);
			path = Data;
			sourceTree = "<group>";
		};
		98E4C4F328ECAC390071C415 /* Models */ = {
			isa = PBXGroup;
			children = (
				98E4C4F928ECACBA0071C415 /* Recipe.swift */,
			);
			path = Models;
			sourceTree = "<group>";
		};
		98E4C4F428ECAC430071C415 /* Services */ = {
			isa = PBXGroup;
			children = (
				98E4C4FB28ECAD5F0071C415 /* DataService.swift */,
			);
			path = Services;
			sourceTree = "<group>";
		};
		98E4C4F528ECAC510071C415 /* ViewModels */ = {
			isa = PBXGroup;
			children = (
				98640FF928ECB02400D81967 /* RecipeModel.swift */,
			);
			path = ViewModels;
			sourceTree = "<group>";
		};
		98E4C4F628ECAC5D0071C415 /* Views */ = {
			isa = PBXGroup;
			children = (
				98E4C4E628ECABE10071C415 /* RecipeListView.swift */,
				98640FFF28ECB26D00D81967 /* RecipeDetailView.swift */,
				9864100128ECB27A00D81967 /* RecipeTabView.swift */,
			);
			path = Views;
			sourceTree = "<group>";
		};
/* End PBXGroup section */

/* Begin PBXNativeTarget section */
		98E4C4E028ECABE10071C415 /* ReciepeApp */ = {
			isa = PBXNativeTarget;
			buildConfigurationList = 98E4C4EF28ECABE30071C415 /* Build configuration list for PBXNativeTarget "ReciepeApp" */;
			buildPhases = (
				98E4C4DD28ECABE10071C415 /* Sources */,
				98E4C4DE28ECABE10071C415 /* Frameworks */,
				98E4C4DF28ECABE10071C415 /* Resources */,
			);
			buildRules = (
			);
			dependencies = (
			);
			name = ReciepeApp;
			productName = ReciepeApp;
			productReference = 98E4C4E128ECABE10071C415 /* ReciepeApp.app */;
			productType = "com.apple.product-type.application";
		};
/* End PBXNativeTarget section */

/* Begin PBXProject section */
		98E4C4D928ECABE10071C415 /* Project object */ = {
			isa = PBXProject;
			attributes = {
				BuildIndependentTargetsInParallel = 1;
				LastSwiftUpdateCheck = 1340;
				LastUpgradeCheck = 1340;
				TargetAttributes = {
					98E4C4E028ECABE10071C415 = {
						CreatedOnToolsVersion = 13.4.1;
					};
				};
			};
			buildConfigurationList = 98E4C4DC28ECABE10071C415 /* Build configuration list for PBXProject "ReciepeApp" */;
			compatibilityVersion = "Xcode 13.0";
			developmentRegion = en;
			hasScannedForEncodings = 0;
			knownRegions = (
				en,
				Base,
			);
			mainGroup = 98E4C4D828ECABE10071C415;
			productRefGroup = 98E4C4E228ECABE10071C415 /* Products */;
			projectDirPath = "";
			projectRoot = "";
			targets = (
				98E4C4E028ECABE10071C415 /* ReciepeApp */,
			);
		};
/* End PBXProject section */

/* Begin PBXResourcesBuildPhase section */
		98E4C4DF28ECABE10071C415 /* Resources */ = {
			isa = PBXResourcesBuildPhase;
			buildActionMask = 2147483647;
			files = (
				98E4C4EC28ECABE30071C415 /* Preview Assets.xcassets in Resources */,
				98E4C4F828ECAC8F0071C415 /* recipes.json in Resources */,
				98E4C4E928ECABE30071C415 /* Assets.xcassets in Resources */,
			);
			runOnlyForDeploymentPostprocessing = 0;
		};
/* End PBXResourcesBuildPhase section */

/* Begin PBXSourcesBuildPhase section */
		98E4C4DD28ECABE10071C415 /* Sources */ = {
			isa = PBXSourcesBuildPhase;
			buildActionMask = 2147483647;
			files = (
				98E4C4FA28ECACBA0071C415 /* Recipe.swift in Sources */,
				9864100028ECB26D00D81967 /* RecipeDetailView.swift in Sources */,
				98E4C4E728ECABE10071C415 /* RecipeListView.swift in Sources */,
				98640FFA28ECB02400D81967 /* RecipeModel.swift in Sources */,
				98E4C4E528ECABE10071C415 /* ReciepeAppApp.swift in Sources */,
				98E4C4FC28ECAD5F0071C415 /* DataService.swift in Sources */,
				9864100228ECB27A00D81967 /* RecipeTabView.swift in Sources */,
			);
			runOnlyForDeploymentPostprocessing = 0;
		};
/* End PBXSourcesBuildPhase section */

/* Begin XCBuildConfiguration section */
		98E4C4ED28ECABE30071C415 /* Debug */ = {
			isa = XCBuildConfiguration;
			buildSettings = {
				ALWAYS_SEARCH_USER_PATHS = NO;
				CLANG_ANALYZER_NONNULL = YES;
				CLANG_ANALYZER_NUMBER_OBJECT_CONVERSION = YES_AGGRESSIVE;
				CLANG_CXX_LANGUAGE_STANDARD = "gnu++17";
				CLANG_ENABLE_MODULES = YES;
				CLANG_ENABLE_OBJC_ARC = YES;
				CLANG_ENABLE_OBJC_WEAK = YES;
				CLANG_WARN_BLOCK_CAPTURE_AUTORELEASING = YES;
				CLANG_WARN_BOOL_CONVERSION = YES;
				CLANG_WARN_COMMA = YES;
				CLANG_WARN_CONSTANT_CONVERSION = YES;
				CLANG_WARN_DEPRECATED_OBJC_IMPLEMENTATIONS = YES;
				CLANG_WARN_DIRECT_OBJC_ISA_USAGE = YES_ERROR;
				CLANG_WARN_DOCUMENTATION_COMMENTS = YES;
				CLANG_WARN_EMPTY_BODY = YES;
				CLANG_WARN_ENUM_CONVERSION = YES;
				CLANG_WARN_INFINITE_RECURSION = YES;
				CLANG_WARN_INT_CONVERSION = YES;
				CLANG_WARN_NON_LITERAL_NULL_CONVERSION = YES;
				CLANG_WARN_OBJC_IMPLICIT_RETAIN_SELF = YES;
				CLANG_WARN_OBJC_LITERAL_CONVERSION = YES;
				CLANG_WARN_OBJC_ROOT_CLASS = YES_ERROR;
				CLANG_WARN_QUOTED_INCLUDE_IN_FRAMEWORK_HEADER = YES;
				CLANG_WARN_RANGE_LOOP_ANALYSIS = YES;
				CLANG_WARN_STRICT_PROTOTYPES = YES;
				CLANG_WARN_SUSPICIOUS_MOVE = YES;
				CLANG_WARN_UNGUARDED_AVAILABILITY = YES_AGGRESSIVE;
				CLANG_WARN_UNREACHABLE_CODE = YES;
				CLANG_WARN__DUPLICATE_METHOD_MATCH = YES;
				COPY_PHASE_STRIP = NO;
				DEBUG_INFORMATION_FORMAT = dwarf;
				ENABLE_STRICT_OBJC_MSGSEND = YES;
				ENABLE_TESTABILITY = YES;
				GCC_C_LANGUAGE_STANDARD = gnu11;
				GCC_DYNAMIC_NO_PIC = NO;
				GCC_NO_COMMON_BLOCKS = YES;
				GCC_OPTIMIZATION_LEVEL = 0;
				GCC_PREPROCESSOR_DEFINITIONS = (
					"DEBUG=1",
					"$(inherited)",
				);
				GCC_WARN_64_TO_32_BIT_CONVERSION = YES;
				GCC_WARN_ABOUT_RETURN_TYPE = YES_ERROR;
				GCC_WARN_UNDECLARED_SELECTOR = YES;
				GCC_WARN_UNINITIALIZED_AUTOS = YES_AGGRESSIVE;
				GCC_WARN_UNUSED_FUNCTION = YES;
				GCC_WARN_UNUSED_VARIABLE = YES;
				IPHONEOS_DEPLOYMENT_TARGET = 15.5;
				MTL_ENABLE_DEBUG_INFO = INCLUDE_SOURCE;
				MTL_FAST_MATH = YES;
				ONLY_ACTIVE_ARCH = YES;
				SDKROOT = iphoneos;
				SWIFT_ACTIVE_COMPILATION_CONDITIONS = DEBUG;
				SWIFT_OPTIMIZATION_LEVEL = "-Onone";
			};
			name = Debug;
		};
		98E4C4EE28ECABE30071C415 /* Release */ = {
			isa = XCBuildConfiguration;
			buildSettings = {
				ALWAYS_SEARCH_USER_PATHS = NO;
				CLANG_ANALYZER_NONNULL = YES;
				CLANG_ANALYZER_NUMBER_OBJECT_CONVERSION = YES_AGGRESSIVE;
				CLANG_CXX_LANGUAGE_STANDARD = "gnu++17";
				CLANG_ENABLE_MODULES = YES;
				CLANG_ENABLE_OBJC_ARC = YES;
				CLANG_ENABLE_OBJC_WEAK = YES;
				CLANG_WARN_BLOCK_CAPTURE_AUTORELEASING = YES;
				CLANG_WARN_BOOL_CONVERSION = YES;
				CLANG_WARN_COMMA = YES;
				CLANG_WARN_CONSTANT_CONVERSION = YES;
				CLANG_WARN_DEPRECATED_OBJC_IMPLEMENTATIONS = YES;
				CLANG_WARN_DIRECT_OBJC_ISA_USAGE = YES_ERROR;
				CLANG_WARN_DOCUMENTATION_COMMENTS = YES;
				CLANG_WARN_EMPTY_BODY = YES;
				CLANG_WARN_ENUM_CONVERSION = YES;
				CLANG_WARN_INFINITE_RECURSION = YES;
				CLANG_WARN_INT_CONVERSION = YES;
				CLANG_WARN_NON_LITERAL_NULL_CONVERSION = YES;
				CLANG_WARN_OBJC_IMPLICIT_RETAIN_SELF = YES;
				CLANG_WARN_OBJC_LITERAL_CONVERSION = YES;
				CLANG_WARN_OBJC_ROOT_CLASS = YES_ERROR;
				CLANG_WARN_QUOTED_INCLUDE_IN_FRAMEWORK_HEADER = YES;
				CLANG_WARN_RANGE_LOOP_ANALYSIS = YES;
				CLANG_WARN_STRICT_PROTOTYPES = YES;
				CLANG_WARN_SUSPICIOUS_MOVE = YES;
				CLANG_WARN_UNGUARDED_AVAILABILITY = YES_AGGRESSIVE;
				CLANG_WARN_UNREACHABLE_CODE = YES;
				CLANG_WARN__DUPLICATE_METHOD_MATCH = YES;
				COPY_PHASE_STRIP = NO;
				DEBUG_INFORMATION_FORMAT = "dwarf-with-dsym";
				ENABLE_NS_ASSERTIONS = NO;
				ENABLE_STRICT_OBJC_MSGSEND = YES;
				GCC_C_LANGUAGE_STANDARD = gnu11;
				GCC_NO_COMMON_BLOCKS = YES;
				GCC_WARN_64_TO_32_BIT_CONVERSION = YES;
				GCC_WARN_ABOUT_RETURN_TYPE = YES_ERROR;
				GCC_WARN_UNDECLARED_SELECTOR = YES;
				GCC_WARN_UNINITIALIZED_AUTOS = YES_AGGRESSIVE;
				GCC_WARN_UNUSED_FUNCTION = YES;
				GCC_WARN_UNUSED_VARIABLE = YES;
				IPHONEOS_DEPLOYMENT_TARGET = 15.5;
				MTL_ENABLE_DEBUG_INFO = NO;
				MTL_FAST_MATH = YES;
				SDKROOT = iphoneos;
				SWIFT_COMPILATION_MODE = wholemodule;
				SWIFT_OPTIMIZATION_LEVEL = "-O";
				VALIDATE_PRODUCT = YES;
			};
			name = Release;
		};
		98E4C4F028ECABE30071C415 /* Debug */ = {
			isa = XCBuildConfiguration;
			buildSettings = {
				ASSETCATALOG_COMPILER_APPICON_NAME = AppIcon;
				ASSETCATALOG_COMPILER_GLOBAL_ACCENT_COLOR_NAME = AccentColor;
				CODE_SIGN_STYLE = Automatic;
				CURRENT_PROJECT_VERSION = 1;
				DEVELOPMENT_ASSET_PATHS = "\"ReciepeApp/Preview Content\"";
				DEVELOPMENT_TEAM = 2Q9YH9NW56;
				ENABLE_PREVIEWS = YES;
				GENERATE_INFOPLIST_FILE = YES;
				INFOPLIST_KEY_UIApplicationSceneManifest_Generation = YES;
				INFOPLIST_KEY_UIApplicationSupportsIndirectInputEvents = YES;
				INFOPLIST_KEY_UILaunchScreen_Generation = YES;
				INFOPLIST_KEY_UISupportedInterfaceOrientations_iPad = "UIInterfaceOrientationPortrait UIInterfaceOrientationPortraitUpsideDown UIInterfaceOrientationLandscapeLeft UIInterfaceOrientationLandscapeRight";
				INFOPLIST_KEY_UISupportedInterfaceOrientations_iPhone = "UIInterfaceOrientationPortrait UIInterfaceOrientationLandscapeLeft UIInterfaceOrientationLandscapeRight";
				LD_RUNPATH_SEARCH_PATHS = (
					"$(inherited)",
					"@executable_path/Frameworks",
				);
				MARKETING_VERSION = 1.0;
				PRODUCT_BUNDLE_IDENTIFIER = me.io2.ReciepeApp;
				PRODUCT_NAME = "$(TARGET_NAME)";
				SWIFT_EMIT_LOC_STRINGS = YES;
				SWIFT_VERSION = 5.0;
				TARGETED_DEVICE_FAMILY = "1,2";
			};
			name = Debug;
		};
		98E4C4F128ECABE30071C415 /* Release */ = {
			isa = XCBuildConfiguration;
			buildSettings = {
				ASSETCATALOG_COMPILER_APPICON_NAME = AppIcon;
				ASSETCATALOG_COMPILER_GLOBAL_ACCENT_COLOR_NAME = AccentColor;
				CODE_SIGN_STYLE = Automatic;
				CURRENT_PROJECT_VERSION = 1;
				DEVELOPMENT_ASSET_PATHS = "\"ReciepeApp/Preview Content\"";
				DEVELOPMENT_TEAM = 2Q9YH9NW56;
				ENABLE_PREVIEWS = YES;
				GENERATE_INFOPLIST_FILE = YES;
				INFOPLIST_KEY_UIApplicationSceneManifest_Generation = YES;
				INFOPLIST_KEY_UIApplicationSupportsIndirectInputEvents = YES;
				INFOPLIST_KEY_UILaunchScreen_Generation = YES;
				INFOPLIST_KEY_UISupportedInterfaceOrientations_iPad = "UIInterfaceOrientationPortrait UIInterfaceOrientationPortraitUpsideDown UIInterfaceOrientationLandscapeLeft UIInterfaceOrientationLandscapeRight";
				INFOPLIST_KEY_UISupportedInterfaceOrientations_iPhone = "UIInterfaceOrientationPortrait UIInterfaceOrientationLandscapeLeft UIInterfaceOrientationLandscapeRight";
				LD_RUNPATH_SEARCH_PATHS = (
					"$(inherited)",
					"@executable_path/Frameworks",
				);
				MARKETING_VERSION = 1.0;
				PRODUCT_BUNDLE_IDENTIFIER = me.io2.ReciepeApp;
				PRODUCT_NAME = "$(TARGET_NAME)";
				SWIFT_EMIT_LOC_STRINGS = YES;
				SWIFT_VERSION = 5.0;
				TARGETED_DEVICE_FAMILY = "1,2";
			};
			name = Release;
		};
/* End XCBuildConfiguration section */

/* Begin XCConfigurationList section */
		98E4C4DC28ECABE10071C415 /* Build configuration list for PBXProject "ReciepeApp" */ = {
			isa = XCConfigurationList;
			buildConfigurations = (
				98E4C4ED28ECABE30071C415 /* Debug */,
				98E4C4EE28ECABE30071C415 /* Release */,
			);
			defaultConfigurationIsVisible = 0;
			defaultConfigurationName = Release;
		};
		98E4C4EF28ECABE30071C415 /* Build configuration list for PBXNativeTarget "ReciepeApp" */ = {
			isa = XCConfigurationList;
			buildConfigurations = (
				98E4C4F028ECABE30071C415 /* Debug */,
				98E4C4F128ECABE30071C415 /* Release */,
			);
			defaultConfigurationIsVisible = 0;
			defaultConfigurationName = Release;
		};
/* End XCConfigurationList section */
	};
	rootObject = 98E4C4D928ECABE10071C415 /* Project object */;
}
